// !$*UTF8*$!
{
	archiveVersion = 1;
	classes = {
	};
	objectVersion = 55;
	objects = {

/* Begin PBXBuildFile section */
		13F0AF9911F05AEA2BE77D33 /* Pods_SenseiTalk.framework in Frameworks */ = {isa = PBXBuildFile; fileRef = 7E91BE1FF35AB182E454EF4B /* Pods_SenseiTalk.framework */; };
		A4284D0D278E6E4300F26AAC /* STTextField.swift in Sources */ = {isa = PBXBuildFile; fileRef = A4284D0C278E6E4300F26AAC /* STTextField.swift */; };
		A4284D10278E753600F26AAC /* STButton.swift in Sources */ = {isa = PBXBuildFile; fileRef = A4284D0F278E753600F26AAC /* STButton.swift */; };
		A4284D12278E80AF00F26AAC /* STCameraVC.swift in Sources */ = {isa = PBXBuildFile; fileRef = A4284D11278E80AF00F26AAC /* STCameraVC.swift */; };
		A4284D14278E854800F26AAC /* STSendDBModel.swift in Sources */ = {isa = PBXBuildFile; fileRef = A4284D13278E854800F26AAC /* STSendDBModel.swift */; };
		A4284D16278E866000F26AAC /* STUserModel.swift in Sources */ = {isa = PBXBuildFile; fileRef = A4284D15278E866000F26AAC /* STUserModel.swift */; };
		A4284D18278E8B8F00F26AAC /* GoogleService-Info.plist in Resources */ = {isa = PBXBuildFile; fileRef = A4284D17278E8B8F00F26AAC /* GoogleService-Info.plist */; };
		A435B06D278D0B4600BFCAE3 /* AppDelegate.swift in Sources */ = {isa = PBXBuildFile; fileRef = A435B06C278D0B4600BFCAE3 /* AppDelegate.swift */; };
		A435B06F278D0B4600BFCAE3 /* SceneDelegate.swift in Sources */ = {isa = PBXBuildFile; fileRef = A435B06E278D0B4600BFCAE3 /* SceneDelegate.swift */; };
		A435B071278D0B4600BFCAE3 /* ViewController.swift in Sources */ = {isa = PBXBuildFile; fileRef = A435B070278D0B4600BFCAE3 /* ViewController.swift */; };
		A435B074278D0B4600BFCAE3 /* Main.storyboard in Resources */ = {isa = PBXBuildFile; fileRef = A435B072278D0B4600BFCAE3 /* Main.storyboard */; };
		A435B076278D0B4A00BFCAE3 /* Assets.xcassets in Resources */ = {isa = PBXBuildFile; fileRef = A435B075278D0B4A00BFCAE3 /* Assets.xcassets */; };
		A435B079278D0B4A00BFCAE3 /* LaunchScreen.storyboard in Resources */ = {isa = PBXBuildFile; fileRef = A435B077278D0B4A00BFCAE3 /* LaunchScreen.storyboard */; };
		A435B084278D0BC400BFCAE3 /* STLoginVC.swift in Sources */ = {isa = PBXBuildFile; fileRef = A435B083278D0BC400BFCAE3 /* STLoginVC.swift */; };
		A435B086278D0D2F00BFCAE3 /* STTimeLineVC.swift in Sources */ = {isa = PBXBuildFile; fileRef = A435B085278D0D2F00BFCAE3 /* STTimeLineVC.swift */; };
		A435B089278D2EE000BFCAE3 /* STNewsVC.swift in Sources */ = {isa = PBXBuildFile; fileRef = A435B088278D2EE000BFCAE3 /* STNewsVC.swift */; };
		A435B08B278D2F7F00BFCAE3 /* ContentsCell.swift in Sources */ = {isa = PBXBuildFile; fileRef = A435B08A278D2F7F00BFCAE3 /* ContentsCell.swift */; };
		A435B08D278D30A200BFCAE3 /* NewsContentsModel.swift in Sources */ = {isa = PBXBuildFile; fileRef = A435B08C278D30A200BFCAE3 /* NewsContentsModel.swift */; };
		A435B090278D32DC00BFCAE3 /* NetworkManager.swift in Sources */ = {isa = PBXBuildFile; fileRef = A435B08F278D32DC00BFCAE3 /* NetworkManager.swift */; };
		A435B093278D383C00BFCAE3 /* STTitleLabel.swift in Sources */ = {isa = PBXBuildFile; fileRef = A435B092278D383C00BFCAE3 /* STTitleLabel.swift */; };
		A435B097278D39ED00BFCAE3 /* STImageView.swift in Sources */ = {isa = PBXBuildFile; fileRef = A435B096278D39ED00BFCAE3 /* STImageView.swift */; };
/* End PBXBuildFile section */

/* Begin PBXFileReference section */
		4459126A1CD587F5AD27E5AD /* Pods-SenseiTalk.release.xcconfig */ = {isa = PBXFileReference; includeInIndex = 1; lastKnownFileType = text.xcconfig; name = "Pods-SenseiTalk.release.xcconfig"; path = "Target Support Files/Pods-SenseiTalk/Pods-SenseiTalk.release.xcconfig"; sourceTree = "<group>"; };
		7E91BE1FF35AB182E454EF4B /* Pods_SenseiTalk.framework */ = {isa = PBXFileReference; explicitFileType = wrapper.framework; includeInIndex = 0; path = Pods_SenseiTalk.framework; sourceTree = BUILT_PRODUCTS_DIR; };
		86F8EF1DD8DB9A6ACA2A178F /* Pods-SenseiTalk.debug.xcconfig */ = {isa = PBXFileReference; includeInIndex = 1; lastKnownFileType = text.xcconfig; name = "Pods-SenseiTalk.debug.xcconfig"; path = "Target Support Files/Pods-SenseiTalk/Pods-SenseiTalk.debug.xcconfig"; sourceTree = "<group>"; };
		A4284D0C278E6E4300F26AAC /* STTextField.swift */ = {isa = PBXFileReference; lastKnownFileType = sourcecode.swift; path = STTextField.swift; sourceTree = "<group>"; };
		A4284D0F278E753600F26AAC /* STButton.swift */ = {isa = PBXFileReference; lastKnownFileType = sourcecode.swift; path = STButton.swift; sourceTree = "<group>"; };
		A4284D11278E80AF00F26AAC /* STCameraVC.swift */ = {isa = PBXFileReference; lastKnownFileType = sourcecode.swift; path = STCameraVC.swift; sourceTree = "<group>"; };
		A4284D13278E854800F26AAC /* STSendDBModel.swift */ = {isa = PBXFileReference; lastKnownFileType = sourcecode.swift; path = STSendDBModel.swift; sourceTree = "<group>"; };
		A4284D15278E866000F26AAC /* STUserModel.swift */ = {isa = PBXFileReference; lastKnownFileType = sourcecode.swift; path = STUserModel.swift; sourceTree = "<group>"; };
		A4284D17278E8B8F00F26AAC /* GoogleService-Info.plist */ = {isa = PBXFileReference; fileEncoding = 4; lastKnownFileType = text.plist.xml; path = "GoogleService-Info.plist"; sourceTree = "<group>"; };
		A435B069278D0B4600BFCAE3 /* SenseiTalk.app */ = {isa = PBXFileReference; explicitFileType = wrapper.application; includeInIndex = 0; path = SenseiTalk.app; sourceTree = BUILT_PRODUCTS_DIR; };
		A435B06C278D0B4600BFCAE3 /* AppDelegate.swift */ = {isa = PBXFileReference; lastKnownFileType = sourcecode.swift; path = AppDelegate.swift; sourceTree = "<group>"; };
		A435B06E278D0B4600BFCAE3 /* SceneDelegate.swift */ = {isa = PBXFileReference; lastKnownFileType = sourcecode.swift; path = SceneDelegate.swift; sourceTree = "<group>"; };
		A435B070278D0B4600BFCAE3 /* ViewController.swift */ = {isa = PBXFileReference; lastKnownFileType = sourcecode.swift; path = ViewController.swift; sourceTree = "<group>"; };
		A435B073278D0B4600BFCAE3 /* Base */ = {isa = PBXFileReference; lastKnownFileType = file.storyboard; name = Base; path = Base.lproj/Main.storyboard; sourceTree = "<group>"; };
		A435B075278D0B4A00BFCAE3 /* Assets.xcassets */ = {isa = PBXFileReference; lastKnownFileType = folder.assetcatalog; path = Assets.xcassets; sourceTree = "<group>"; };
		A435B078278D0B4A00BFCAE3 /* Base */ = {isa = PBXFileReference; lastKnownFileType = file.storyboard; name = Base; path = Base.lproj/LaunchScreen.storyboard; sourceTree = "<group>"; };
		A435B07A278D0B4A00BFCAE3 /* Info.plist */ = {isa = PBXFileReference; lastKnownFileType = text.plist.xml; path = Info.plist; sourceTree = "<group>"; };
		A435B083278D0BC400BFCAE3 /* STLoginVC.swift */ = {isa = PBXFileReference; lastKnownFileType = sourcecode.swift; path = STLoginVC.swift; sourceTree = "<group>"; };
		A435B085278D0D2F00BFCAE3 /* STTimeLineVC.swift */ = {isa = PBXFileReference; lastKnownFileType = sourcecode.swift; path = STTimeLineVC.swift; sourceTree = "<group>"; };
		A435B088278D2EE000BFCAE3 /* STNewsVC.swift */ = {isa = PBXFileReference; lastKnownFileType = sourcecode.swift; path = STNewsVC.swift; sourceTree = "<group>"; };
		A435B08A278D2F7F00BFCAE3 /* ContentsCell.swift */ = {isa = PBXFileReference; lastKnownFileType = sourcecode.swift; path = ContentsCell.swift; sourceTree = "<group>"; };
		A435B08C278D30A200BFCAE3 /* NewsContentsModel.swift */ = {isa = PBXFileReference; lastKnownFileType = sourcecode.swift; path = NewsContentsModel.swift; sourceTree = "<group>"; };
		A435B08F278D32DC00BFCAE3 /* NetworkManager.swift */ = {isa = PBXFileReference; lastKnownFileType = sourcecode.swift; path = NetworkManager.swift; sourceTree = "<group>"; };
		A435B092278D383C00BFCAE3 /* STTitleLabel.swift */ = {isa = PBXFileReference; lastKnownFileType = sourcecode.swift; path = STTitleLabel.swift; sourceTree = "<group>"; };
		A435B096278D39ED00BFCAE3 /* STImageView.swift */ = {isa = PBXFileReference; lastKnownFileType = sourcecode.swift; path = STImageView.swift; sourceTree = "<group>"; };
/* End PBXFileReference section */

/* Begin PBXFrameworksBuildPhase section */
		A435B066278D0B4600BFCAE3 /* Frameworks */ = {
			isa = PBXFrameworksBuildPhase;
			buildActionMask = 2147483647;
			files = (
				13F0AF9911F05AEA2BE77D33 /* Pods_SenseiTalk.framework in Frameworks */,
			);
			runOnlyForDeploymentPostprocessing = 0;
		};
/* End PBXFrameworksBuildPhase section */

/* Begin PBXGroup section */
		0C8DEFAABD0D65DC61263A88 /* Frameworks */ = {
			isa = PBXGroup;
			children = (
				7E91BE1FF35AB182E454EF4B /* Pods_SenseiTalk.framework */,
			);
			name = Frameworks;
			sourceTree = "<group>";
		};
		2366A64A2799E01AD9E98B9D /* Pods */ = {
			isa = PBXGroup;
			children = (
				86F8EF1DD8DB9A6ACA2A178F /* Pods-SenseiTalk.debug.xcconfig */,
				4459126A1CD587F5AD27E5AD /* Pods-SenseiTalk.release.xcconfig */,
			);
			path = Pods;
			sourceTree = "<group>";
		};
		A4284D0E278E751900F26AAC /* UIButton */ = {
			isa = PBXGroup;
			children = (
				A4284D0F278E753600F26AAC /* STButton.swift */,
			);
			path = UIButton;
			sourceTree = "<group>";
		};
		A435B060278D0B4500BFCAE3 = {
			isa = PBXGroup;
			children = (
				A435B06B278D0B4600BFCAE3 /* SenseiTalk */,
				A435B06A278D0B4600BFCAE3 /* Products */,
				2366A64A2799E01AD9E98B9D /* Pods */,
				0C8DEFAABD0D65DC61263A88 /* Frameworks */,
			);
			sourceTree = "<group>";
		};
		A435B06A278D0B4600BFCAE3 /* Products */ = {
			isa = PBXGroup;
			children = (
				A435B069278D0B4600BFCAE3 /* SenseiTalk.app */,
			);
			name = Products;
			sourceTree = "<group>";
		};
		A435B06B278D0B4600BFCAE3 /* SenseiTalk */ = {
			isa = PBXGroup;
			children = (
				A435B06C278D0B4600BFCAE3 /* AppDelegate.swift */,
				A435B06E278D0B4600BFCAE3 /* SceneDelegate.swift */,
				A435B08E278D32CD00BFCAE3 /* Network */,
				A435B087278D2B1000BFCAE3 /* Model */,
				A435B080278D0B6700BFCAE3 /* Controller */,
				A435B081278D0B7400BFCAE3 /* View */,
				A435B075278D0B4A00BFCAE3 /* Assets.xcassets */,
				A435B095278D39C400BFCAE3 /* UIImageView */,
				A435B091278D381C00BFCAE3 /* UILabel */,
				A435B098278E6D8300BFCAE3 /* UITextField */,
				A4284D0E278E751900F26AAC /* UIButton */,
				A435B077278D0B4A00BFCAE3 /* LaunchScreen.storyboard */,
				A435B07A278D0B4A00BFCAE3 /* Info.plist */,
				A4284D17278E8B8F00F26AAC /* GoogleService-Info.plist */,
			);
			path = SenseiTalk;
			sourceTree = "<group>";
		};
		A435B080278D0B6700BFCAE3 /* Controller */ = {
			isa = PBXGroup;
			children = (
				A435B070278D0B4600BFCAE3 /* ViewController.swift */,
				A435B083278D0BC400BFCAE3 /* STLoginVC.swift */,
				A435B085278D0D2F00BFCAE3 /* STTimeLineVC.swift */,
				A435B088278D2EE000BFCAE3 /* STNewsVC.swift */,
				A4284D11278E80AF00F26AAC /* STCameraVC.swift */,
			);
			path = Controller;
			sourceTree = "<group>";
		};
		A435B081278D0B7400BFCAE3 /* View */ = {
			isa = PBXGroup;
			children = (
				A435B072278D0B4600BFCAE3 /* Main.storyboard */,
				A435B08A278D2F7F00BFCAE3 /* ContentsCell.swift */,
			);
			path = View;
			sourceTree = "<group>";
		};
		A435B087278D2B1000BFCAE3 /* Model */ = {
			isa = PBXGroup;
			children = (
				A435B08C278D30A200BFCAE3 /* NewsContentsModel.swift */,
				A4284D13278E854800F26AAC /* STSendDBModel.swift */,
				A4284D15278E866000F26AAC /* STUserModel.swift */,
			);
			path = Model;
			sourceTree = "<group>";
		};
		A435B08E278D32CD00BFCAE3 /* Network */ = {
			isa = PBXGroup;
			children = (
				A435B08F278D32DC00BFCAE3 /* NetworkManager.swift */,
			);
			path = Network;
			sourceTree = "<group>";
		};
		A435B091278D381C00BFCAE3 /* UILabel */ = {
			isa = PBXGroup;
			children = (
				A435B092278D383C00BFCAE3 /* STTitleLabel.swift */,
			);
			path = UILabel;
			sourceTree = "<group>";
		};
		A435B095278D39C400BFCAE3 /* UIImageView */ = {
			isa = PBXGroup;
			children = (
				A435B096278D39ED00BFCAE3 /* STImageView.swift */,
			);
			path = UIImageView;
			sourceTree = "<group>";
		};
		A435B098278E6D8300BFCAE3 /* UITextField */ = {
			isa = PBXGroup;
			children = (
				A4284D0C278E6E4300F26AAC /* STTextField.swift */,
			);
			path = UITextField;
			sourceTree = "<group>";
		};
/* End PBXGroup section */

/* Begin PBXNativeTarget section */
		A435B068278D0B4600BFCAE3 /* SenseiTalk */ = {
			isa = PBXNativeTarget;
			buildConfigurationList = A435B07D278D0B4A00BFCAE3 /* Build configuration list for PBXNativeTarget "SenseiTalk" */;
			buildPhases = (
				63D25854A98F30B5D286EE27 /* [CP] Check Pods Manifest.lock */,
				A435B065278D0B4600BFCAE3 /* Sources */,
				A435B066278D0B4600BFCAE3 /* Frameworks */,
				A435B067278D0B4600BFCAE3 /* Resources */,
				AB852AE15E574BAF638F7A17 /* [CP] Embed Pods Frameworks */,
			);
			buildRules = (
			);
			dependencies = (
			);
			name = SenseiTalk;
			productName = SenseiTalk;
			productReference = A435B069278D0B4600BFCAE3 /* SenseiTalk.app */;
			productType = "com.apple.product-type.application";
		};
/* End PBXNativeTarget section */

/* Begin PBXProject section */
		A435B061278D0B4500BFCAE3 /* Project object */ = {
			isa = PBXProject;
			attributes = {
				BuildIndependentTargetsInParallel = 1;
				LastSwiftUpdateCheck = 1300;
				LastUpgradeCheck = 1300;
				TargetAttributes = {
					A435B068278D0B4600BFCAE3 = {
						CreatedOnToolsVersion = 13.0;
					};
				};
			};
			buildConfigurationList = A435B064278D0B4500BFCAE3 /* Build configuration list for PBXProject "SenseiTalk" */;
			compatibilityVersion = "Xcode 13.0";
			developmentRegion = en;
			hasScannedForEncodings = 0;
			knownRegions = (
				en,
				Base,
			);
			mainGroup = A435B060278D0B4500BFCAE3;
			productRefGroup = A435B06A278D0B4600BFCAE3 /* Products */;
			projectDirPath = "";
			projectRoot = "";
			targets = (
				A435B068278D0B4600BFCAE3 /* SenseiTalk */,
			);
		};
/* End PBXProject section */

/* Begin PBXResourcesBuildPhase section */
		A435B067278D0B4600BFCAE3 /* Resources */ = {
			isa = PBXResourcesBuildPhase;
			buildActionMask = 2147483647;
			files = (
				A435B079278D0B4A00BFCAE3 /* LaunchScreen.storyboard in Resources */,
				A4284D18278E8B8F00F26AAC /* GoogleService-Info.plist in Resources */,
				A435B076278D0B4A00BFCAE3 /* Assets.xcassets in Resources */,
				A435B074278D0B4600BFCAE3 /* Main.storyboard in Resources */,
			);
			runOnlyForDeploymentPostprocessing = 0;
		};
/* End PBXResourcesBuildPhase section */

/* Begin PBXShellScriptBuildPhase section */
		63D25854A98F30B5D286EE27 /* [CP] Check Pods Manifest.lock */ = {
			isa = PBXShellScriptBuildPhase;
			buildActionMask = 2147483647;
			files = (
			);
			inputFileListPaths = (
			);
			inputPaths = (
				"${PODS_PODFILE_DIR_PATH}/Podfile.lock",
				"${PODS_ROOT}/Manifest.lock",
			);
			name = "[CP] Check Pods Manifest.lock";
			outputFileListPaths = (
			);
			outputPaths = (
				"$(DERIVED_FILE_DIR)/Pods-SenseiTalk-checkManifestLockResult.txt",
			);
			runOnlyForDeploymentPostprocessing = 0;
			shellPath = /bin/sh;
			shellScript = "diff \"${PODS_PODFILE_DIR_PATH}/Podfile.lock\" \"${PODS_ROOT}/Manifest.lock\" > /dev/null\nif [ $? != 0 ] ; then\n    # print error to STDERR\n    echo \"error: The sandbox is not in sync with the Podfile.lock. Run 'pod install' or update your CocoaPods installation.\" >&2\n    exit 1\nfi\n# This output is used by Xcode 'outputs' to avoid re-running this script phase.\necho \"SUCCESS\" > \"${SCRIPT_OUTPUT_FILE_0}\"\n";
			showEnvVarsInLog = 0;
		};
		AB852AE15E574BAF638F7A17 /* [CP] Embed Pods Frameworks */ = {
			isa = PBXShellScriptBuildPhase;
			buildActionMask = 2147483647;
			files = (
			);
			inputFileListPaths = (
				"${PODS_ROOT}/Target Support Files/Pods-SenseiTalk/Pods-SenseiTalk-frameworks-${CONFIGURATION}-input-files.xcfilelist",
			);
			name = "[CP] Embed Pods Frameworks";
			outputFileListPaths = (
				"${PODS_ROOT}/Target Support Files/Pods-SenseiTalk/Pods-SenseiTalk-frameworks-${CONFIGURATION}-output-files.xcfilelist",
			);
			runOnlyForDeploymentPostprocessing = 0;
			shellPath = /bin/sh;
			shellScript = "\"${PODS_ROOT}/Target Support Files/Pods-SenseiTalk/Pods-SenseiTalk-frameworks.sh\"\n";
			showEnvVarsInLog = 0;
		};
/* End PBXShellScriptBuildPhase section */

/* Begin PBXSourcesBuildPhase section */
		A435B065278D0B4600BFCAE3 /* Sources */ = {
			isa = PBXSourcesBuildPhase;
			buildActionMask = 2147483647;
			files = (
				A435B090278D32DC00BFCAE3 /* NetworkManager.swift in Sources */,
				A435B08B278D2F7F00BFCAE3 /* ContentsCell.swift in Sources */,
				A435B071278D0B4600BFCAE3 /* ViewController.swift in Sources */,
				A4284D16278E866000F26AAC /* STUserModel.swift in Sources */,
				A435B097278D39ED00BFCAE3 /* STImageView.swift in Sources */,
				A4284D0D278E6E4300F26AAC /* STTextField.swift in Sources */,
				A435B06D278D0B4600BFCAE3 /* AppDelegate.swift in Sources */,
				A4284D14278E854800F26AAC /* STSendDBModel.swift in Sources */,
				A435B06F278D0B4600BFCAE3 /* SceneDelegate.swift in Sources */,
				A435B093278D383C00BFCAE3 /* STTitleLabel.swift in Sources */,
				A435B086278D0D2F00BFCAE3 /* STTimeLineVC.swift in Sources */,
				A435B089278D2EE000BFCAE3 /* STNewsVC.swift in Sources */,
				A4284D12278E80AF00F26AAC /* STCameraVC.swift in Sources */,
				A4284D10278E753600F26AAC /* STButton.swift in Sources */,
				A435B08D278D30A200BFCAE3 /* NewsContentsModel.swift in Sources */,
				A435B084278D0BC400BFCAE3 /* STLoginVC.swift in Sources */,
			);
			runOnlyForDeploymentPostprocessing = 0;
		};
/* End PBXSourcesBuildPhase section */

/* Begin PBXVariantGroup section */
		A435B072278D0B4600BFCAE3 /* Main.storyboard */ = {
			isa = PBXVariantGroup;
			children = (
				A435B073278D0B4600BFCAE3 /* Base */,
			);
			name = Main.storyboard;
			sourceTree = "<group>";
		};
		A435B077278D0B4A00BFCAE3 /* LaunchScreen.storyboard */ = {
			isa = PBXVariantGroup;
			children = (
				A435B078278D0B4A00BFCAE3 /* Base */,
			);
			name = LaunchScreen.storyboard;
			sourceTree = "<group>";
		};
/* End PBXVariantGroup section */

/* Begin XCBuildConfiguration section */
		A435B07B278D0B4A00BFCAE3 /* Debug */ = {
			isa = XCBuildConfiguration;
			buildSettings = {
				ALWAYS_SEARCH_USER_PATHS = NO;
				CLANG_ANALYZER_NONNULL = YES;
				CLANG_ANALYZER_NUMBER_OBJECT_CONVERSION = YES_AGGRESSIVE;
				CLANG_CXX_LANGUAGE_STANDARD = "gnu++17";
				CLANG_CXX_LIBRARY = "libc++";
				CLANG_ENABLE_MODULES = YES;
				CLANG_ENABLE_OBJC_ARC = YES;
				CLANG_ENABLE_OBJC_WEAK = YES;
				CLANG_WARN_BLOCK_CAPTURE_AUTORELEASING = YES;
				CLANG_WARN_BOOL_CONVERSION = YES;
				CLANG_WARN_COMMA = YES;
				CLANG_WARN_CONSTANT_CONVERSION = YES;
				CLANG_WARN_DEPRECATED_OBJC_IMPLEMENTATIONS = YES;
				CLANG_WARN_DIRECT_OBJC_ISA_USAGE = YES_ERROR;
				CLANG_WARN_DOCUMENTATION_COMMENTS = YES;
				CLANG_WARN_EMPTY_BODY = YES;
				CLANG_WARN_ENUM_CONVERSION = YES;
				CLANG_WARN_INFINITE_RECURSION = YES;
				CLANG_WARN_INT_CONVERSION = YES;
				CLANG_WARN_NON_LITERAL_NULL_CONVERSION = YES;
				CLANG_WARN_OBJC_IMPLICIT_RETAIN_SELF = YES;
				CLANG_WARN_OBJC_LITERAL_CONVERSION = YES;
				CLANG_WARN_OBJC_ROOT_CLASS = YES_ERROR;
				CLANG_WARN_QUOTED_INCLUDE_IN_FRAMEWORK_HEADER = YES;
				CLANG_WARN_RANGE_LOOP_ANALYSIS = YES;
				CLANG_WARN_STRICT_PROTOTYPES = YES;
				CLANG_WARN_SUSPICIOUS_MOVE = YES;
				CLANG_WARN_UNGUARDED_AVAILABILITY = YES_AGGRESSIVE;
				CLANG_WARN_UNREACHABLE_CODE = YES;
				CLANG_WARN__DUPLICATE_METHOD_MATCH = YES;
				COPY_PHASE_STRIP = NO;
				DEBUG_INFORMATION_FORMAT = dwarf;
				ENABLE_STRICT_OBJC_MSGSEND = YES;
				ENABLE_TESTABILITY = YES;
				GCC_C_LANGUAGE_STANDARD = gnu11;
				GCC_DYNAMIC_NO_PIC = NO;
				GCC_NO_COMMON_BLOCKS = YES;
				GCC_OPTIMIZATION_LEVEL = 0;
				GCC_PREPROCESSOR_DEFINITIONS = (
					"DEBUG=1",
					"$(inherited)",
				);
				GCC_WARN_64_TO_32_BIT_CONVERSION = YES;
				GCC_WARN_ABOUT_RETURN_TYPE = YES_ERROR;
				GCC_WARN_UNDECLARED_SELECTOR = YES;
				GCC_WARN_UNINITIALIZED_AUTOS = YES_AGGRESSIVE;
				GCC_WARN_UNUSED_FUNCTION = YES;
				GCC_WARN_UNUSED_VARIABLE = YES;
				IPHONEOS_DEPLOYMENT_TARGET = 15.0;
				MTL_ENABLE_DEBUG_INFO = INCLUDE_SOURCE;
				MTL_FAST_MATH = YES;
				ONLY_ACTIVE_ARCH = YES;
				SDKROOT = iphoneos;
				SWIFT_ACTIVE_COMPILATION_CONDITIONS = DEBUG;
				SWIFT_OPTIMIZATION_LEVEL = "-Onone";
			};
			name = Debug;
		};
		A435B07C278D0B4A00BFCAE3 /* Release */ = {
			isa = XCBuildConfiguration;
			buildSettings = {
				ALWAYS_SEARCH_USER_PATHS = NO;
				CLANG_ANALYZER_NONNULL = YES;
				CLANG_ANALYZER_NUMBER_OBJECT_CONVERSION = YES_AGGRESSIVE;
				CLANG_CXX_LANGUAGE_STANDARD = "gnu++17";
				CLANG_CXX_LIBRARY = "libc++";
				CLANG_ENABLE_MODULES = YES;
				CLANG_ENABLE_OBJC_ARC = YES;
				CLANG_ENABLE_OBJC_WEAK = YES;
				CLANG_WARN_BLOCK_CAPTURE_AUTORELEASING = YES;
				CLANG_WARN_BOOL_CONVERSION = YES;
				CLANG_WARN_COMMA = YES;
				CLANG_WARN_CONSTANT_CONVERSION = YES;
				CLANG_WARN_DEPRECATED_OBJC_IMPLEMENTATIONS = YES;
				CLANG_WARN_DIRECT_OBJC_ISA_USAGE = YES_ERROR;
				CLANG_WARN_DOCUMENTATION_COMMENTS = YES;
				CLANG_WARN_EMPTY_BODY = YES;
				CLANG_WARN_ENUM_CONVERSION = YES;
				CLANG_WARN_INFINITE_RECURSION = YES;
				CLANG_WARN_INT_CONVERSION = YES;
				CLANG_WARN_NON_LITERAL_NULL_CONVERSION = YES;
				CLANG_WARN_OBJC_IMPLICIT_RETAIN_SELF = YES;
				CLANG_WARN_OBJC_LITERAL_CONVERSION = YES;
				CLANG_WARN_OBJC_ROOT_CLASS = YES_ERROR;
				CLANG_WARN_QUOTED_INCLUDE_IN_FRAMEWORK_HEADER = YES;
				CLANG_WARN_RANGE_LOOP_ANALYSIS = YES;
				CLANG_WARN_STRICT_PROTOTYPES = YES;
				CLANG_WARN_SUSPICIOUS_MOVE = YES;
				CLANG_WARN_UNGUARDED_AVAILABILITY = YES_AGGRESSIVE;
				CLANG_WARN_UNREACHABLE_CODE = YES;
				CLANG_WARN__DUPLICATE_METHOD_MATCH = YES;
				COPY_PHASE_STRIP = NO;
				DEBUG_INFORMATION_FORMAT = "dwarf-with-dsym";
				ENABLE_NS_ASSERTIONS = NO;
				ENABLE_STRICT_OBJC_MSGSEND = YES;
				GCC_C_LANGUAGE_STANDARD = gnu11;
				GCC_NO_COMMON_BLOCKS = YES;
				GCC_WARN_64_TO_32_BIT_CONVERSION = YES;
				GCC_WARN_ABOUT_RETURN_TYPE = YES_ERROR;
				GCC_WARN_UNDECLARED_SELECTOR = YES;
				GCC_WARN_UNINITIALIZED_AUTOS = YES_AGGRESSIVE;
				GCC_WARN_UNUSED_FUNCTION = YES;
				GCC_WARN_UNUSED_VARIABLE = YES;
				IPHONEOS_DEPLOYMENT_TARGET = 15.0;
				MTL_ENABLE_DEBUG_INFO = NO;
				MTL_FAST_MATH = YES;
				SDKROOT = iphoneos;
				SWIFT_COMPILATION_MODE = wholemodule;
				SWIFT_OPTIMIZATION_LEVEL = "-O";
				VALIDATE_PRODUCT = YES;
			};
			name = Release;
		};
		A435B07E278D0B4A00BFCAE3 /* Debug */ = {
			isa = XCBuildConfiguration;
			baseConfigurationReference = 86F8EF1DD8DB9A6ACA2A178F /* Pods-SenseiTalk.debug.xcconfig */;
			buildSettings = {
				ASSETCATALOG_COMPILER_APPICON_NAME = AppIcon;
				ASSETCATALOG_COMPILER_GLOBAL_ACCENT_COLOR_NAME = AccentColor;
				CODE_SIGN_STYLE = Automatic;
				CURRENT_PROJECT_VERSION = 1;
				DEVELOPMENT_TEAM = GM6JZ3P6VD;
				GENERATE_INFOPLIST_FILE = YES;
				INFOPLIST_FILE = SenseiTalk/Info.plist;
				INFOPLIST_KEY_UIApplicationSupportsIndirectInputEvents = YES;
				INFOPLIST_KEY_UILaunchStoryboardName = LaunchScreen;
				INFOPLIST_KEY_UIMainStoryboardFile = Main;
				INFOPLIST_KEY_UISupportedInterfaceOrientations_iPad = "UIInterfaceOrientationPortrait UIInterfaceOrientationPortraitUpsideDown UIInterfaceOrientationLandscapeLeft UIInterfaceOrientationLandscapeRight";
				INFOPLIST_KEY_UISupportedInterfaceOrientations_iPhone = "UIInterfaceOrientationPortrait UIInterfaceOrientationLandscapeLeft UIInterfaceOrientationLandscapeRight";
				LD_RUNPATH_SEARCH_PATHS = (
					"$(inherited)",
					"@executable_path/Frameworks",
				);
				MARKETING_VERSION = 1.0;
				PRODUCT_BUNDLE_IDENTIFIER = com.yutaudemy.SenseiTalk;
				PRODUCT_NAME = "$(TARGET_NAME)";
				SWIFT_EMIT_LOC_STRINGS = YES;
				SWIFT_VERSION = 5.0;
				TARGETED_DEVICE_FAMILY = 1;
			};
			name = Debug;
		};
		A435B07F278D0B4A00BFCAE3 /* Release */ = {
			isa = XCBuildConfiguration;
			baseConfigurationReference = 4459126A1CD587F5AD27E5AD /* Pods-SenseiTalk.release.xcconfig */;
			buildSettings = {
				ASSETCATALOG_COMPILER_APPICON_NAME = AppIcon;
				ASSETCATALOG_COMPILER_GLOBAL_ACCENT_COLOR_NAME = AccentColor;
				CODE_SIGN_STYLE = Automatic;
				CURRENT_PROJECT_VERSION = 1;
				DEVELOPMENT_TEAM = GM6JZ3P6VD;
				GENERATE_INFOPLIST_FILE = YES;
				INFOPLIST_FILE = SenseiTalk/Info.plist;
				INFOPLIST_KEY_UIApplicationSupportsIndirectInputEvents = YES;
				INFOPLIST_KEY_UILaunchStoryboardName = LaunchScreen;
				INFOPLIST_KEY_UIMainStoryboardFile = Main;
				INFOPLIST_KEY_UISupportedInterfaceOrientations_iPad = "UIInterfaceOrientationPortrait UIInterfaceOrientationPortraitUpsideDown UIInterfaceOrientationLandscapeLeft UIInterfaceOrientationLandscapeRight";
				INFOPLIST_KEY_UISupportedInterfaceOrientations_iPhone = "UIInterfaceOrientationPortrait UIInterfaceOrientationLandscapeLeft UIInterfaceOrientationLandscapeRight";
				LD_RUNPATH_SEARCH_PATHS = (
					"$(inherited)",
					"@executable_path/Frameworks",
				);
				MARKETING_VERSION = 1.0;
				PRODUCT_BUNDLE_IDENTIFIER = com.yutaudemy.SenseiTalk;
				PRODUCT_NAME = "$(TARGET_NAME)";
				SWIFT_EMIT_LOC_STRINGS = YES;
				SWIFT_VERSION = 5.0;
				TARGETED_DEVICE_FAMILY = 1;
			};
			name = Release;
		};
/* End XCBuildConfiguration section */

/* Begin XCConfigurationList section */
		A435B064278D0B4500BFCAE3 /* Build configuration list for PBXProject "SenseiTalk" */ = {
			isa = XCConfigurationList;
			buildConfigurations = (
				A435B07B278D0B4A00BFCAE3 /* Debug */,
				A435B07C278D0B4A00BFCAE3 /* Release */,
			);
			defaultConfigurationIsVisible = 0;
			defaultConfigurationName = Release;
		};
		A435B07D278D0B4A00BFCAE3 /* Build configuration list for PBXNativeTarget "SenseiTalk" */ = {
			isa = XCConfigurationList;
			buildConfigurations = (
				A435B07E278D0B4A00BFCAE3 /* Debug */,
				A435B07F278D0B4A00BFCAE3 /* Release */,
			);
			defaultConfigurationIsVisible = 0;
			defaultConfigurationName = Release;
		};
/* End XCConfigurationList section */
	};
	rootObject = A435B061278D0B4500BFCAE3 /* Project object */;
}
